// !$*UTF8*$!
{
	archiveVersion = 1;
	classes = {
	};
	objectVersion = 50;
	objects = {

/* Begin PBXBuildFile section */
		37B756B3252A5E1900BFF287 /* AppDelegate.swift in Sources */ = {isa = PBXBuildFile; fileRef = 37B756B2252A5E1900BFF287 /* AppDelegate.swift */; };
		37B756B5252A5E1900BFF287 /* ContentView.swift in Sources */ = {isa = PBXBuildFile; fileRef = 37B756B4252A5E1900BFF287 /* ContentView.swift */; };
		37B756B7252A5E1A00BFF287 /* Assets.xcassets in Resources */ = {isa = PBXBuildFile; fileRef = 37B756B6252A5E1A00BFF287 /* Assets.xcassets */; };
		37B756BA252A5E1A00BFF287 /* Preview Assets.xcassets in Resources */ = {isa = PBXBuildFile; fileRef = 37B756B9252A5E1A00BFF287 /* Preview Assets.xcassets */; };
		37B756BD252A5E1A00BFF287 /* Main.storyboard in Resources */ = {isa = PBXBuildFile; fileRef = 37B756BB252A5E1A00BFF287 /* Main.storyboard */; };
		37B756CC252A638800BFF287 /* CameraView.swift in Sources */ = {isa = PBXBuildFile; fileRef = 37B756CB252A638800BFF287 /* CameraView.swift */; };
		37B756CF252A646600BFF287 /* CameraPreview.swift in Sources */ = {isa = PBXBuildFile; fileRef = 37B756CE252A646600BFF287 /* CameraPreview.swift */; };
/* End PBXBuildFile section */

/* Begin PBXFileReference section */
		37AF12392533AFA200D397DD /* notarize.sh */ = {isa = PBXFileReference; lastKnownFileType = text.script.sh; name = notarize.sh; path = "Camera On Top/notarize.sh"; sourceTree = "<group>"; };
		37B756AF252A5E1900BFF287 /* Camera On Top.app */ = {isa = PBXFileReference; explicitFileType = wrapper.application; includeInIndex = 0; path = "Camera On Top.app"; sourceTree = BUILT_PRODUCTS_DIR; };
		37B756B2252A5E1900BFF287 /* AppDelegate.swift */ = {isa = PBXFileReference; lastKnownFileType = sourcecode.swift; path = AppDelegate.swift; sourceTree = "<group>"; };
		37B756B4252A5E1900BFF287 /* ContentView.swift */ = {isa = PBXFileReference; lastKnownFileType = sourcecode.swift; path = ContentView.swift; sourceTree = "<group>"; };
		37B756B6252A5E1A00BFF287 /* Assets.xcassets */ = {isa = PBXFileReference; lastKnownFileType = folder.assetcatalog; path = Assets.xcassets; sourceTree = "<group>"; };
		37B756B9252A5E1A00BFF287 /* Preview Assets.xcassets */ = {isa = PBXFileReference; lastKnownFileType = folder.assetcatalog; path = "Preview Assets.xcassets"; sourceTree = "<group>"; };
		37B756BC252A5E1A00BFF287 /* Base */ = {isa = PBXFileReference; lastKnownFileType = file.storyboard; name = Base; path = Base.lproj/Main.storyboard; sourceTree = "<group>"; };
		37B756BE252A5E1A00BFF287 /* Info.plist */ = {isa = PBXFileReference; lastKnownFileType = text.plist.xml; path = Info.plist; sourceTree = "<group>"; };
		37B756BF252A5E1A00BFF287 /* Camera_On_Top.entitlements */ = {isa = PBXFileReference; lastKnownFileType = text.plist.entitlements; path = Camera_On_Top.entitlements; sourceTree = "<group>"; };
		37B756CB252A638800BFF287 /* CameraView.swift */ = {isa = PBXFileReference; lastKnownFileType = sourcecode.swift; path = CameraView.swift; sourceTree = "<group>"; };
		37B756CE252A646600BFF287 /* CameraPreview.swift */ = {isa = PBXFileReference; lastKnownFileType = sourcecode.swift; path = CameraPreview.swift; sourceTree = "<group>"; };
		37B756D1252A752800BFF287 /* README.md */ = {isa = PBXFileReference; fileEncoding = 4; lastKnownFileType = net.daringfireball.markdown; path = README.md; sourceTree = "<group>"; };
		37B756D5252A7B9800BFF287 /* build.sh */ = {isa = PBXFileReference; lastKnownFileType = text.script.sh; name = build.sh; path = "Camera On Top/build.sh"; sourceTree = "<group>"; };
/* End PBXFileReference section */

/* Begin PBXFrameworksBuildPhase section */
		37B756AC252A5E1900BFF287 /* Frameworks */ = {
			isa = PBXFrameworksBuildPhase;
			buildActionMask = 2147483647;
			files = (
			);
			runOnlyForDeploymentPostprocessing = 0;
		};
/* End PBXFrameworksBuildPhase section */

/* Begin PBXGroup section */
		37B756A6252A5E1900BFF287 = {
			isa = PBXGroup;
			children = (
				37B756D1252A752800BFF287 /* README.md */,
				37B756D5252A7B9800BFF287 /* build.sh */,
				37AF12392533AFA200D397DD /* notarize.sh */,
				37B756B1252A5E1900BFF287 /* Camera On Top */,
				37B756B0252A5E1900BFF287 /* Products */,
			);
			sourceTree = "<group>";
		};
		37B756B0252A5E1900BFF287 /* Products */ = {
			isa = PBXGroup;
			children = (
				37B756AF252A5E1900BFF287 /* Camera On Top.app */,
			);
			name = Products;
			sourceTree = "<group>";
		};
		37B756B1252A5E1900BFF287 /* Camera On Top */ = {
			isa = PBXGroup;
			children = (
				37B756B2252A5E1900BFF287 /* AppDelegate.swift */,
				37B756CE252A646600BFF287 /* CameraPreview.swift */,
				37B756CB252A638800BFF287 /* CameraView.swift */,
				37B756B4252A5E1900BFF287 /* ContentView.swift */,
				37B756B6252A5E1A00BFF287 /* Assets.xcassets */,
				37B756BB252A5E1A00BFF287 /* Main.storyboard */,
				37B756BE252A5E1A00BFF287 /* Info.plist */,
				37B756BF252A5E1A00BFF287 /* Camera_On_Top.entitlements */,
				37B756B8252A5E1A00BFF287 /* Preview Content */,
			);
			path = "Camera On Top";
			sourceTree = "<group>";
		};
		37B756B8252A5E1A00BFF287 /* Preview Content */ = {
			isa = PBXGroup;
			children = (
				37B756B9252A5E1A00BFF287 /* Preview Assets.xcassets */,
			);
			path = "Preview Content";
			sourceTree = "<group>";
		};
/* End PBXGroup section */

/* Begin PBXNativeTarget section */
		37B756AE252A5E1900BFF287 /* Camera On Top */ = {
			isa = PBXNativeTarget;
			buildConfigurationList = 37B756C2252A5E1A00BFF287 /* Build configuration list for PBXNativeTarget "Camera On Top" */;
			buildPhases = (
				37B756AB252A5E1900BFF287 /* Sources */,
				37B756AC252A5E1900BFF287 /* Frameworks */,
				37B756AD252A5E1900BFF287 /* Resources */,
			);
			buildRules = (
			);
			dependencies = (
			);
			name = "Camera On Top";
			productName = "Camera On Top";
			productReference = 37B756AF252A5E1900BFF287 /* Camera On Top.app */;
			productType = "com.apple.product-type.application";
		};
/* End PBXNativeTarget section */

/* Begin PBXProject section */
		37B756A7252A5E1900BFF287 /* Project object */ = {
			isa = PBXProject;
			attributes = {
				LastSwiftUpdateCheck = 1200;
				LastUpgradeCheck = 1200;
				TargetAttributes = {
					37B756AE252A5E1900BFF287 = {
						CreatedOnToolsVersion = 12.0;
					};
				};
			};
			buildConfigurationList = 37B756AA252A5E1900BFF287 /* Build configuration list for PBXProject "Camera On Top" */;
			compatibilityVersion = "Xcode 9.3";
			developmentRegion = en;
			hasScannedForEncodings = 0;
			knownRegions = (
				en,
				Base,
			);
			mainGroup = 37B756A6252A5E1900BFF287;
			productRefGroup = 37B756B0252A5E1900BFF287 /* Products */;
			projectDirPath = "";
			projectRoot = "";
			targets = (
				37B756AE252A5E1900BFF287 /* Camera On Top */,
			);
		};
/* End PBXProject section */

/* Begin PBXResourcesBuildPhase section */
		37B756AD252A5E1900BFF287 /* Resources */ = {
			isa = PBXResourcesBuildPhase;
			buildActionMask = 2147483647;
			files = (
				37B756BD252A5E1A00BFF287 /* Main.storyboard in Resources */,
				37B756BA252A5E1A00BFF287 /* Preview Assets.xcassets in Resources */,
				37B756B7252A5E1A00BFF287 /* Assets.xcassets in Resources */,
			);
			runOnlyForDeploymentPostprocessing = 0;
		};
/* End PBXResourcesBuildPhase section */

/* Begin PBXSourcesBuildPhase section */
		37B756AB252A5E1900BFF287 /* Sources */ = {
			isa = PBXSourcesBuildPhase;
			buildActionMask = 2147483647;
			files = (
				37B756CC252A638800BFF287 /* CameraView.swift in Sources */,
				37B756CF252A646600BFF287 /* CameraPreview.swift in Sources */,
				37B756B5252A5E1900BFF287 /* ContentView.swift in Sources */,
				37B756B3252A5E1900BFF287 /* AppDelegate.swift in Sources */,
			);
			runOnlyForDeploymentPostprocessing = 0;
		};
/* End PBXSourcesBuildPhase section */

/* Begin PBXVariantGroup section */
		37B756BB252A5E1A00BFF287 /* Main.storyboard */ = {
			isa = PBXVariantGroup;
			children = (
				37B756BC252A5E1A00BFF287 /* Base */,
			);
			name = Main.storyboard;
			sourceTree = "<group>";
		};
/* End PBXVariantGroup section */

/* Begin XCBuildConfiguration section */
		37B756C0252A5E1A00BFF287 /* Debug */ = {
			isa = XCBuildConfiguration;
			buildSettings = {
				ALWAYS_SEARCH_USER_PATHS = NO;
				CLANG_ANALYZER_NONNULL = YES;
				CLANG_ANALYZER_NUMBER_OBJECT_CONVERSION = YES_AGGRESSIVE;
				CLANG_CXX_LANGUAGE_STANDARD = "gnu++14";
				CLANG_CXX_LIBRARY = "libc++";
				CLANG_ENABLE_MODULES = YES;
				CLANG_ENABLE_OBJC_ARC = YES;
				CLANG_ENABLE_OBJC_WEAK = YES;
				CLANG_WARN_BLOCK_CAPTURE_AUTORELEASING = YES;
				CLANG_WARN_BOOL_CONVERSION = YES;
				CLANG_WARN_COMMA = YES;
				CLANG_WARN_CONSTANT_CONVERSION = YES;
				CLANG_WARN_DEPRECATED_OBJC_IMPLEMENTATIONS = YES;
				CLANG_WARN_DIRECT_OBJC_ISA_USAGE = YES_ERROR;
				CLANG_WARN_DOCUMENTATION_COMMENTS = YES;
				CLANG_WARN_EMPTY_BODY = YES;
				CLANG_WARN_ENUM_CONVERSION = YES;
				CLANG_WARN_INFINITE_RECURSION = YES;
				CLANG_WARN_INT_CONVERSION = YES;
				CLANG_WARN_NON_LITERAL_NULL_CONVERSION = YES;
				CLANG_WARN_OBJC_IMPLICIT_RETAIN_SELF = YES;
				CLANG_WARN_OBJC_LITERAL_CONVERSION = YES;
				CLANG_WARN_OBJC_ROOT_CLASS = YES_ERROR;
				CLANG_WARN_QUOTED_INCLUDE_IN_FRAMEWORK_HEADER = YES;
				CLANG_WARN_RANGE_LOOP_ANALYSIS = YES;
				CLANG_WARN_STRICT_PROTOTYPES = YES;
				CLANG_WARN_SUSPICIOUS_MOVE = YES;
				CLANG_WARN_UNGUARDED_AVAILABILITY = YES_AGGRESSIVE;
				CLANG_WARN_UNREACHABLE_CODE = YES;
				CLANG_WARN__DUPLICATE_METHOD_MATCH = YES;
				CODE_SIGN_IDENTITY = "Developer ID Application: Philippe Casgrain (V7QY36F2JR)";
				CODE_SIGN_STYLE = Manual;
				COPY_PHASE_STRIP = NO;
				DEBUG_INFORMATION_FORMAT = dwarf;
				DEVELOPMENT_TEAM = V7QY36F2JR;
				ENABLE_STRICT_OBJC_MSGSEND = YES;
				ENABLE_TESTABILITY = YES;
				GCC_C_LANGUAGE_STANDARD = gnu11;
				GCC_DYNAMIC_NO_PIC = NO;
				GCC_NO_COMMON_BLOCKS = YES;
				GCC_OPTIMIZATION_LEVEL = 0;
				GCC_PREPROCESSOR_DEFINITIONS = (
					"DEBUG=1",
					"$(inherited)",
				);
				GCC_WARN_64_TO_32_BIT_CONVERSION = YES;
				GCC_WARN_ABOUT_RETURN_TYPE = YES_ERROR;
				GCC_WARN_UNDECLARED_SELECTOR = YES;
				GCC_WARN_UNINITIALIZED_AUTOS = YES_AGGRESSIVE;
				GCC_WARN_UNUSED_FUNCTION = YES;
				GCC_WARN_UNUSED_VARIABLE = YES;
				MACOSX_DEPLOYMENT_TARGET = 10.15;
				MTL_ENABLE_DEBUG_INFO = INCLUDE_SOURCE;
				MTL_FAST_MATH = YES;
				ONLY_ACTIVE_ARCH = YES;
				SDKROOT = macosx;
				SWIFT_ACTIVE_COMPILATION_CONDITIONS = DEBUG;
				SWIFT_OPTIMIZATION_LEVEL = "-Onone";
			};
			name = Debug;
		};
		37B756C1252A5E1A00BFF287 /* Release */ = {
			isa = XCBuildConfiguration;
			buildSettings = {
				ALWAYS_SEARCH_USER_PATHS = NO;
				CLANG_ANALYZER_NONNULL = YES;
				CLANG_ANALYZER_NUMBER_OBJECT_CONVERSION = YES_AGGRESSIVE;
				CLANG_CXX_LANGUAGE_STANDARD = "gnu++14";
				CLANG_CXX_LIBRARY = "libc++";
				CLANG_ENABLE_MODULES = YES;
				CLANG_ENABLE_OBJC_ARC = YES;
				CLANG_ENABLE_OBJC_WEAK = YES;
				CLANG_WARN_BLOCK_CAPTURE_AUTORELEASING = YES;
				CLANG_WARN_BOOL_CONVERSION = YES;
				CLANG_WARN_COMMA = YES;
				CLANG_WARN_CONSTANT_CONVERSION = YES;
				CLANG_WARN_DEPRECATED_OBJC_IMPLEMENTATIONS = YES;
				CLANG_WARN_DIRECT_OBJC_ISA_USAGE = YES_ERROR;
				CLANG_WARN_DOCUMENTATION_COMMENTS = YES;
				CLANG_WARN_EMPTY_BODY = YES;
				CLANG_WARN_ENUM_CONVERSION = YES;
				CLANG_WARN_INFINITE_RECURSION = YES;
				CLANG_WARN_INT_CONVERSION = YES;
				CLANG_WARN_NON_LITERAL_NULL_CONVERSION = YES;
				CLANG_WARN_OBJC_IMPLICIT_RETAIN_SELF = YES;
				CLANG_WARN_OBJC_LITERAL_CONVERSION = YES;
				CLANG_WARN_OBJC_ROOT_CLASS = YES_ERROR;
				CLANG_WARN_QUOTED_INCLUDE_IN_FRAMEWORK_HEADER = YES;
				CLANG_WARN_RANGE_LOOP_ANALYSIS = YES;
				CLANG_WARN_STRICT_PROTOTYPES = YES;
				CLANG_WARN_SUSPICIOUS_MOVE = YES;
				CLANG_WARN_UNGUARDED_AVAILABILITY = YES_AGGRESSIVE;
				CLANG_WARN_UNREACHABLE_CODE = YES;
				CLANG_WARN__DUPLICATE_METHOD_MATCH = YES;
				CODE_SIGN_IDENTITY = "Developer ID Application: Philippe Casgrain (V7QY36F2JR)";
				CODE_SIGN_STYLE = Manual;
				COPY_PHASE_STRIP = NO;
				DEBUG_INFORMATION_FORMAT = "dwarf-with-dsym";
				DEVELOPMENT_TEAM = V7QY36F2JR;
				ENABLE_NS_ASSERTIONS = NO;
				ENABLE_STRICT_OBJC_MSGSEND = YES;
				GCC_C_LANGUAGE_STANDARD = gnu11;
				GCC_NO_COMMON_BLOCKS = YES;
				GCC_WARN_64_TO_32_BIT_CONVERSION = YES;
				GCC_WARN_ABOUT_RETURN_TYPE = YES_ERROR;
				GCC_WARN_UNDECLARED_SELECTOR = YES;
				GCC_WARN_UNINITIALIZED_AUTOS = YES_AGGRESSIVE;
				GCC_WARN_UNUSED_FUNCTION = YES;
				GCC_WARN_UNUSED_VARIABLE = YES;
				MACOSX_DEPLOYMENT_TARGET = 10.15;
				MTL_ENABLE_DEBUG_INFO = NO;
				MTL_FAST_MATH = YES;
				SDKROOT = macosx;
				SWIFT_COMPILATION_MODE = wholemodule;
				SWIFT_OPTIMIZATION_LEVEL = "-O";
			};
			name = Release;
		};
		37B756C3252A5E1A00BFF287 /* Debug */ = {
			isa = XCBuildConfiguration;
			buildSettings = {
				ASSETCATALOG_COMPILER_APPICON_NAME = AppIcon;
				ASSETCATALOG_COMPILER_GLOBAL_ACCENT_COLOR_NAME = AccentColor;
				CODE_SIGN_ENTITLEMENTS = "Camera On Top/Camera_On_Top.entitlements";
				CODE_SIGN_STYLE = Manual;
				COMBINE_HIDPI_IMAGES = YES;
				DEVELOPMENT_ASSET_PATHS = "\"Camera On Top/Preview Content\"";
				DEVELOPMENT_TEAM = V7QY36F2JR;
				ENABLE_HARDENED_RUNTIME = YES;
				ENABLE_PREVIEWS = YES;
				INFOPLIST_FILE = "Camera On Top/Info.plist";
				LD_RUNPATH_SEARCH_PATHS = (
					"$(inherited)",
					"@executable_path/../Frameworks",
				);
				MACOSX_DEPLOYMENT_TARGET = 10.15;
				PRODUCT_BUNDLE_IDENTIFIER = "com.casgrain.Camera-On-Top";
				PRODUCT_NAME = "$(TARGET_NAME)";
				PROVISIONING_PROFILE_SPECIFIER = "Camera On Top";
				SWIFT_VERSION = 5.0;
			};
			name = Debug;
		};
		37B756C4252A5E1A00BFF287 /* Release */ = {
			isa = XCBuildConfiguration;
			buildSettings = {
				ASSETCATALOG_COMPILER_APPICON_NAME = AppIcon;
				ASSETCATALOG_COMPILER_GLOBAL_ACCENT_COLOR_NAME = AccentColor;
				CODE_SIGN_ENTITLEMENTS = "Camera On Top/Camera_On_Top.entitlements";
				CODE_SIGN_STYLE = Manual;
				COMBINE_HIDPI_IMAGES = YES;
				DEVELOPMENT_ASSET_PATHS = "\"Camera On Top/Preview Content\"";
				DEVELOPMENT_TEAM = V7QY36F2JR;
				ENABLE_HARDENED_RUNTIME = YES;
				ENABLE_PREVIEWS = YES;
				INFOPLIST_FILE = "Camera On Top/Info.plist";
				LD_RUNPATH_SEARCH_PATHS = (
					"$(inherited)",
					"@executable_path/../Frameworks",
				);
				MACOSX_DEPLOYMENT_TARGET = 10.15;
				PRODUCT_BUNDLE_IDENTIFIER = "com.casgrain.Camera-On-Top";
				PRODUCT_NAME = "$(TARGET_NAME)";
				PROVISIONING_PROFILE_SPECIFIER = "Camera On Top";
				SWIFT_VERSION = 5.0;
			};
			name = Release;
		};
/* End XCBuildConfiguration section */

/* Begin XCConfigurationList section */
		37B756AA252A5E1900BFF287 /* Build configuration list for PBXProject "Camera On Top" */ = {
			isa = XCConfigurationList;
			buildConfigurations = (
				37B756C0252A5E1A00BFF287 /* Debug */,
				37B756C1252A5E1A00BFF287 /* Release */,
			);
			defaultConfigurationIsVisible = 0;
			defaultConfigurationName = Release;
		};
		37B756C2252A5E1A00BFF287 /* Build configuration list for PBXNativeTarget "Camera On Top" */ = {
			isa = XCConfigurationList;
			buildConfigurations = (
				37B756C3252A5E1A00BFF287 /* Debug */,
				37B756C4252A5E1A00BFF287 /* Release */,
			);
			defaultConfigurationIsVisible = 0;
			defaultConfigurationName = Release;
		};
/* End XCConfigurationList section */
	};
	rootObject = 37B756A7252A5E1900BFF287 /* Project object */;
}
